// !$*UTF8*$!
{
	archiveVersion = 1;
	classes = {
	};
	objectVersion = 60;
	objects = {

/* Begin PBXBuildFile section */
		8A0001012D00000100000001 /* W1SpiritApp.swift in Sources */ = {isa = PBXBuildFile; fileRef = 8A0002012D00000100000001 /* W1SpiritApp.swift */; };
		8A0001022D00000100000001 /* SpiritStore.swift in Sources */ = {isa = PBXBuildFile; fileRef = 8A0002022D00000100000001 /* SpiritStore.swift */; };
		8A0001032D00000100000001 /* SampleData.swift in Sources */ = {isa = PBXBuildFile; fileRef = 8A0002032D00000100000001 /* SampleData.swift */; };
		8A0001042D00000100000001 /* SpiritModels.swift in Sources */ = {isa = PBXBuildFile; fileRef = 8A0002042D00000100000001 /* SpiritModels.swift */; };
		8A0001052D00000100000001 /* SpiritTheme.swift in Sources */ = {isa = PBXBuildFile; fileRef = 8A0002052D00000100000001 /* SpiritTheme.swift */; };
		8A0001062D00000100000001 /* ContentView.swift in Sources */ = {isa = PBXBuildFile; fileRef = 8A0002062D00000100000001 /* ContentView.swift */; };
		8A0001072D00000100000001 /* Components.swift in Sources */ = {isa = PBXBuildFile; fileRef = 8A0002072D00000100000001 /* Components.swift */; };
		8A0001082D00000100000001 /* TodayView.swift in Sources */ = {isa = PBXBuildFile; fileRef = 8A0002082D00000100000001 /* TodayView.swift */; };
		8A0001092D00000100000001 /* TrailsView.swift in Sources */ = {isa = PBXBuildFile; fileRef = 8A0002092D00000100000001 /* TrailsView.swift */; };
		8A00010A2D00000100000001 /* StoriesView.swift in Sources */ = {isa = PBXBuildFile; fileRef = 8A00020A2D00000100000001 /* StoriesView.swift */; };
		8A00010B2D00000100000001 /* CollectionView.swift in Sources */ = {isa = PBXBuildFile; fileRef = 8A00020B2D00000100000001 /* CollectionView.swift */; };
		8A00010C2D00000100000001 /* ProfileView.swift in Sources */ = {isa = PBXBuildFile; fileRef = 8A00020C2D00000100000001 /* ProfileView.swift */; };
		8A00010D2D00000100000001 /* Assets.xcassets in Resources */ = {isa = PBXBuildFile; fileRef = 8A00020D2D00000100000001 /* Assets.xcassets */; };
		8AF006012D00000100000001 /* GoogleService-Info.plist in Resources */ = {isa = PBXBuildFile; fileRef = 8AF006022D00000100000001 /* GoogleService-Info.plist */; };
		8AF001012D00000100000001 /* FirebaseAppDelegate.swift in Sources */ = {isa = PBXBuildFile; fileRef = 8AF002012D00000100000001 /* FirebaseAppDelegate.swift */; };
		8AK005012D00000100000001 /* AnalyticsKit in Frameworks */ = {isa = PBXBuildFile; productRef = 8AK004012D00000100000001 /* AnalyticsKit */; };
		8AF005012D00000100000001 /* FirebaseAnalytics in Frameworks */ = {isa = PBXBuildFile; productRef = 8AF004012D00000100000001 /* FirebaseAnalytics */; };
		8AF005022D00000100000001 /* FirebaseMessaging in Frameworks */ = {isa = PBXBuildFile; productRef = 8AF004022D00000100000001 /* FirebaseMessaging */; };
/* End PBXBuildFile section */

/* Begin PBXFileReference section */
		8A0000012D00000100000001 /* W1Spirit.app */ = {isa = PBXFileReference; explicitFileType = wrapper.application; includeInIndex = 0; path = W1Spirit.app; sourceTree = BUILT_PRODUCTS_DIR; };
		8A0002012D00000100000001 /* W1SpiritApp.swift */ = {isa = PBXFileReference; lastKnownFileType = sourcecode.swift; path = W1SpiritApp.swift; sourceTree = "<group>"; };
		8A0002022D00000100000001 /* SpiritStore.swift */ = {isa = PBXFileReference; lastKnownFileType = sourcecode.swift; path = SpiritStore.swift; sourceTree = "<group>"; };
		8A0002032D00000100000001 /* SampleData.swift */ = {isa = PBXFileReference; lastKnownFileType = sourcecode.swift; path = SampleData.swift; sourceTree = "<group>"; };
		8A0002042D00000100000001 /* SpiritModels.swift */ = {isa = PBXFileReference; lastKnownFileType = sourcecode.swift; path = SpiritModels.swift; sourceTree = "<group>"; };
		8A0002052D00000100000001 /* SpiritTheme.swift */ = {isa = PBXFileReference; lastKnownFileType = sourcecode.swift; path = SpiritTheme.swift; sourceTree = "<group>"; };
		8A0002062D00000100000001 /* ContentView.swift */ = {isa = PBXFileReference; lastKnownFileType = sourcecode.swift; path = ContentView.swift; sourceTree = "<group>"; };
		8A0002072D00000100000001 /* Components.swift */ = {isa = PBXFileReference; lastKnownFileType = sourcecode.swift; path = Components.swift; sourceTree = "<group>"; };
		8A0002082D00000100000001 /* TodayView.swift */ = {isa = PBXFileReference; lastKnownFileType = sourcecode.swift; path = TodayView.swift; sourceTree = "<group>"; };
		8A0002092D00000100000001 /* TrailsView.swift */ = {isa = PBXFileReference; lastKnownFileType = sourcecode.swift; path = TrailsView.swift; sourceTree = "<group>"; };
		8A00020A2D00000100000001 /* StoriesView.swift */ = {isa = PBXFileReference; lastKnownFileType = sourcecode.swift; path = StoriesView.swift; sourceTree = "<group>"; };
		8A00020B2D00000100000001 /* CollectionView.swift */ = {isa = PBXFileReference; lastKnownFileType = sourcecode.swift; path = CollectionView.swift; sourceTree = "<group>"; };
		8A00020C2D00000100000001 /* ProfileView.swift */ = {isa = PBXFileReference; lastKnownFileType = sourcecode.swift; path = ProfileView.swift; sourceTree = "<group>"; };
		8A00020D2D00000100000001 /* Assets.xcassets */ = {isa = PBXFileReference; lastKnownFileType = folder.assetcatalog; path = Assets.xcassets; sourceTree = "<group>"; };
		8AF002012D00000100000001 /* FirebaseAppDelegate.swift */ = {isa = PBXFileReference; lastKnownFileType = sourcecode.swift; path = FirebaseAppDelegate.swift; sourceTree = "<group>"; };
		8AF002022D00000100000001 /* W1Spirit.entitlements */ = {isa = PBXFileReference; lastKnownFileType = text.plist.entitlements; path = W1Spirit.entitlements; sourceTree = "<group>"; };
		8AF002032D00000100000001 /* GoogleService-Info.example.plist */ = {isa = PBXFileReference; lastKnownFileType = text.plist.xml; path = "GoogleService-Info.example.plist"; sourceTree = "<group>"; };
		8AF006022D00000100000001 /* GoogleService-Info.plist */ = {isa = PBXFileReference; lastKnownFileType = text.plist.xml; path = "GoogleService-Info.plist"; sourceTree = "<group>"; };
/* End PBXFileReference section */

/* Begin PBXFrameworksBuildPhase section */
		8A0003012D00000100000001 /* Frameworks */ = {
			isa = PBXFrameworksBuildPhase;
			buildActionMask = 2147483647;
			files = (
				8AK005012D00000100000001 /* AnalyticsKit in Frameworks */,
				8AF005012D00000100000001 /* FirebaseAnalytics in Frameworks */,
				8AF005022D00000100000001 /* FirebaseMessaging in Frameworks */,
			);
			runOnlyForDeploymentPostprocessing = 0;
		};
/* End PBXFrameworksBuildPhase section */

/* Begin PBXGroup section */
		8A0004012D00000100000001 = {
			isa = PBXGroup;
			children = (
				8A0004022D00000100000001 /* W1Spirit */,
				8A0004032D00000100000001 /* Products */,
			);
			sourceTree = "<group>";
		};
		8A0004022D00000100000001 /* W1Spirit */ = {
			isa = PBXGroup;
			children = (
				8A0004042D00000100000001 /* App */,
				8A0004052D00000100000001 /* Models */,
				8A0004062D00000100000001 /* Theme */,
				8A0004072D00000100000001 /* Views */,
				8A00020D2D00000100000001 /* Assets.xcassets */,
				8AF006022D00000100000001 /* GoogleService-Info.plist */,
				8AF002022D00000100000001 /* W1Spirit.entitlements */,
				8AF002032D00000100000001 /* GoogleService-Info.example.plist */,
			);
			path = W1Spirit;
			sourceTree = "<group>";
		};
		8A0004032D00000100000001 /* Products */ = {
			isa = PBXGroup;
			children = (
				8A0000012D00000100000001 /* W1Spirit.app */,
			);
			name = Products;
			sourceTree = "<group>";
		};
		8A0004042D00000100000001 /* App */ = {
			isa = PBXGroup;
			children = (
				8A0002012D00000100000001 /* W1SpiritApp.swift */,
				8AF002012D00000100000001 /* FirebaseAppDelegate.swift */,
				8A0002022D00000100000001 /* SpiritStore.swift */,
				8A0002032D00000100000001 /* SampleData.swift */,
			);
			path = App;
			sourceTree = "<group>";
		};
		8A0004052D00000100000001 /* Models */ = {
			isa = PBXGroup;
			children = (
				8A0002042D00000100000001 /* SpiritModels.swift */,
			);
			path = Models;
			sourceTree = "<group>";
		};
		8A0004062D00000100000001 /* Theme */ = {
			isa = PBXGroup;
			children = (
				8A0002052D00000100000001 /* SpiritTheme.swift */,
			);
			path = Theme;
			sourceTree = "<group>";
		};
		8A0004072D00000100000001 /* Views */ = {
			isa = PBXGroup;
			children = (
				8A0002062D00000100000001 /* ContentView.swift */,
				8A0002072D00000100000001 /* Components.swift */,
				8A0002082D00000100000001 /* TodayView.swift */,
				8A0002092D00000100000001 /* TrailsView.swift */,
				8A00020A2D00000100000001 /* StoriesView.swift */,
				8A00020B2D00000100000001 /* CollectionView.swift */,
				8A00020C2D00000100000001 /* ProfileView.swift */,
			);
			path = Views;
			sourceTree = "<group>";
		};
/* End PBXGroup section */

/* Begin PBXNativeTarget section */
		8A0005012D00000100000001 /* W1Spirit */ = {
			isa = PBXNativeTarget;
			buildConfigurationList = 8A0008012D00000100000001 /* Build configuration list for PBXNativeTarget "W1Spirit" */;
			buildPhases = (
				8A0006012D00000100000001 /* Sources */,
				8A0003012D00000100000001 /* Frameworks */,
				8A0006022D00000100000001 /* Resources */,
			);
			buildRules = (
			);
			dependencies = (
			);
			name = W1Spirit;
			packageProductDependencies = (
				8AK004012D00000100000001 /* AnalyticsKit */,
				8AF004012D00000100000001 /* FirebaseAnalytics */,
				8AF004022D00000100000001 /* FirebaseMessaging */,
			);
			productName = W1Spirit;
			productReference = 8A0000012D00000100000001 /* W1Spirit.app */;
			productType = "com.apple.product-type.application";
		};
/* End PBXNativeTarget section */

/* Begin PBXProject section */
		8A0007012D00000100000001 /* Project object */ = {
			isa = PBXProject;
			attributes = {
				BuildIndependentTargetsInParallel = 1;
				LastSwiftUpdateCheck = 2620;
				LastUpgradeCheck = 2620;
				TargetAttributes = {
					8A0005012D00000100000001 = {
						CreatedOnToolsVersion = 26.2;
					};
				};
			};
			buildConfigurationList = 8A0007022D00000100000001 /* Build configuration list for PBXProject "W1Spirit" */;
			compatibilityVersion = "Xcode 15.0";
			developmentRegion = en;
			hasScannedForEncodings = 0;
			knownRegions = (
				en,
				Base,
			);
			mainGroup = 8A0004012D00000100000001;
			packageReferences = (
				8AK003012D00000100000001 /* XCLocalSwiftPackageReference "AnalyticsKit" */,
				8AF003012D00000100000001 /* XCRemoteSwiftPackageReference "firebase-ios-sdk" */,
			);
			productRefGroup = 8A0004032D00000100000001 /* Products */;
			projectDirPath = "";
			projectRoot = "";
			targets = (
				8A0005012D00000100000001 /* W1Spirit */,
			);
		};
/* End PBXProject section */

/* Begin PBXResourcesBuildPhase section */
		8A0006022D00000100000001 /* Resources */ = {
			isa = PBXResourcesBuildPhase;
			buildActionMask = 2147483647;
			files = (
				8A00010D2D00000100000001 /* Assets.xcassets in Resources */,
				8AF006012D00000100000001 /* GoogleService-Info.plist in Resources */,
			);
			runOnlyForDeploymentPostprocessing = 0;
		};
/* End PBXResourcesBuildPhase section */

/* Begin PBXSourcesBuildPhase section */
		8A0006012D00000100000001 /* Sources */ = {
			isa = PBXSourcesBuildPhase;
			buildActionMask = 2147483647;
			files = (
				8A0001012D00000100000001 /* W1SpiritApp.swift in Sources */,
				8AF001012D00000100000001 /* FirebaseAppDelegate.swift in Sources */,
				8A0001022D00000100000001 /* SpiritStore.swift in Sources */,
				8A0001032D00000100000001 /* SampleData.swift in Sources */,
				8A0001042D00000100000001 /* SpiritModels.swift in Sources */,
				8A0001052D00000100000001 /* SpiritTheme.swift in Sources */,
				8A0001062D00000100000001 /* ContentView.swift in Sources */,
				8A0001072D00000100000001 /* Components.swift in Sources */,
				8A0001082D00000100000001 /* TodayView.swift in Sources */,
				8A0001092D00000100000001 /* TrailsView.swift in Sources */,
				8A00010A2D00000100000001 /* StoriesView.swift in Sources */,
				8A00010B2D00000100000001 /* CollectionView.swift in Sources */,
				8A00010C2D00000100000001 /* ProfileView.swift in Sources */,
			);
			runOnlyForDeploymentPostprocessing = 0;
		};
/* End PBXSourcesBuildPhase section */

/* Begin XCBuildConfiguration section */
		8A0009012D00000100000001 /* Debug */ = {
			isa = XCBuildConfiguration;
			buildSettings = {
				ALWAYS_SEARCH_USER_PATHS = NO;
				CLANG_ANALYZER_NONNULL = YES;
				CLANG_ANALYZER_NUMBER_OBJECT_CONVERSION = YES_AGGRESSIVE;
				CLANG_CXX_LANGUAGE_STANDARD = "gnu++20";
				CLANG_ENABLE_MODULES = YES;
				CLANG_ENABLE_OBJC_ARC = YES;
				CLANG_ENABLE_OBJC_WEAK = YES;
				CLANG_WARN_BLOCK_CAPTURE_AUTORELEASING = YES;
				CLANG_WARN_BOOL_CONVERSION = YES;
				CLANG_WARN_COMMA = YES;
				CLANG_WARN_CONSTANT_CONVERSION = YES;
				CLANG_WARN_DEPRECATED_OBJC_IMPLEMENTATIONS = YES;
				CLANG_WARN_DIRECT_OBJC_ISA_USAGE = YES_ERROR;
				CLANG_WARN_DOCUMENTATION_COMMENTS = YES;
				CLANG_WARN_EMPTY_BODY = YES;
				CLANG_WARN_ENUM_CONVERSION = YES;
				CLANG_WARN_INFINITE_RECURSION = YES;
				CLANG_WARN_INT_CONVERSION = YES;
				CLANG_WARN_NON_LITERAL_NULL_CONVERSION = YES_AGGRESSIVE;
				CLANG_WARN_OBJC_IMPLICIT_RETAIN_SELF = YES;
				CLANG_WARN_OBJC_LITERAL_CONVERSION = YES;
				CLANG_WARN_OBJC_ROOT_CLASS = YES_ERROR;
				CLANG_WARN_QUOTED_INCLUDE_IN_FRAMEWORK_HEADER = YES;
				CLANG_WARN_RANGE_LOOP_ANALYSIS = YES;
				CLANG_WARN_STRICT_PROTOTYPES = YES;
				CLANG_WARN_SUSPICIOUS_MOVE = YES;
				CLANG_WARN_UNGUARDED_AVAILABILITY = YES_AGGRESSIVE;
				CLANG_WARN_UNREACHABLE_CODE = YES;
				COPY_PHASE_STRIP = NO;
				DEBUG_INFORMATION_FORMAT = dwarf;
				ENABLE_STRICT_OBJC_MSGSEND = YES;
				ENABLE_TESTABILITY = YES;
				ENABLE_USER_SCRIPT_SANDBOXING = YES;
				GCC_C_LANGUAGE_STANDARD = gnu17;
				GCC_DYNAMIC_NO_PIC = NO;
				GCC_NO_COMMON_BLOCKS = YES;
				GCC_OPTIMIZATION_LEVEL = 0;
				GCC_PREPROCESSOR_DEFINITIONS = (
					"DEBUG=1",
					"$(inherited)",
				);
				GCC_WARN_64_TO_32_BIT_CONVERSION = YES;
				GCC_WARN_ABOUT_RETURN_TYPE = YES_ERROR;
				GCC_WARN_UNDECLARED_SELECTOR = YES;
				GCC_WARN_UNINITIALIZED_AUTOS = YES_AGGRESSIVE;
				GCC_WARN_UNUSED_FUNCTION = YES;
				GCC_WARN_UNUSED_VARIABLE = YES;
				IPHONEOS_DEPLOYMENT_TARGET = 16.0;
				MTL_ENABLE_DEBUG_INFO = INCLUDE_SOURCE;
				MTL_FAST_MATH = YES;
				ONLY_ACTIVE_ARCH = YES;
				SDKROOT = iphoneos;
				SWIFT_ACTIVE_COMPILATION_CONDITIONS = "DEBUG $(inherited)";
				SWIFT_OPTIMIZATION_LEVEL = "-Onone";
			};
			name = Debug;
		};
		8A0009022D00000100000001 /* Release */ = {
			isa = XCBuildConfiguration;
			buildSettings = {
				ALWAYS_SEARCH_USER_PATHS = NO;
				CLANG_ANALYZER_NONNULL = YES;
				CLANG_ANALYZER_NUMBER_OBJECT_CONVERSION = YES_AGGRESSIVE;
				CLANG_CXX_LANGUAGE_STANDARD = "gnu++20";
				CLANG_ENABLE_MODULES = YES;
				CLANG_ENABLE_OBJC_ARC = YES;
				CLANG_ENABLE_OBJC_WEAK = YES;
				CLANG_WARN_BLOCK_CAPTURE_AUTORELEASING = YES;
				CLANG_WARN_BOOL_CONVERSION = YES;
				CLANG_WARN_COMMA = YES;
				CLANG_WARN_CONSTANT_CONVERSION = YES;
				CLANG_WARN_DEPRECATED_OBJC_IMPLEMENTATIONS = YES;
				CLANG_WARN_DIRECT_OBJC_ISA_USAGE = YES_ERROR;
				CLANG_WARN_DOCUMENTATION_COMMENTS = YES;
				CLANG_WARN_EMPTY_BODY = YES;
				CLANG_WARN_ENUM_CONVERSION = YES;
				CLANG_WARN_INFINITE_RECURSION = YES;
				CLANG_WARN_INT_CONVERSION = YES;
				CLANG_WARN_NON_LITERAL_NULL_CONVERSION = YES_AGGRESSIVE;
				CLANG_WARN_OBJC_IMPLICIT_RETAIN_SELF = YES;
				CLANG_WARN_OBJC_LITERAL_CONVERSION = YES;
				CLANG_WARN_OBJC_ROOT_CLASS = YES_ERROR;
				CLANG_WARN_QUOTED_INCLUDE_IN_FRAMEWORK_HEADER = YES;
				CLANG_WARN_RANGE_LOOP_ANALYSIS = YES;
				CLANG_WARN_STRICT_PROTOTYPES = YES;
				CLANG_WARN_SUSPICIOUS_MOVE = YES;
				CLANG_WARN_UNGUARDED_AVAILABILITY = YES_AGGRESSIVE;
				CLANG_WARN_UNREACHABLE_CODE = YES;
				COPY_PHASE_STRIP = NO;
				DEBUG_INFORMATION_FORMAT = "dwarf-with-dsym";
				ENABLE_NS_ASSERTIONS = NO;
				ENABLE_STRICT_OBJC_MSGSEND = YES;
				ENABLE_USER_SCRIPT_SANDBOXING = YES;
				GCC_C_LANGUAGE_STANDARD = gnu17;
				GCC_NO_COMMON_BLOCKS = YES;
				GCC_WARN_64_TO_32_BIT_CONVERSION = YES;
				GCC_WARN_ABOUT_RETURN_TYPE = YES_ERROR;
				GCC_WARN_UNDECLARED_SELECTOR = YES;
				GCC_WARN_UNINITIALIZED_AUTOS = YES_AGGRESSIVE;
				GCC_WARN_UNUSED_FUNCTION = YES;
				GCC_WARN_UNUSED_VARIABLE = YES;
				IPHONEOS_DEPLOYMENT_TARGET = 16.0;
				MTL_ENABLE_DEBUG_INFO = NO;
				MTL_FAST_MATH = YES;
				SDKROOT = iphoneos;
				SWIFT_COMPILATION_MODE = wholemodule;
				VALIDATE_PRODUCT = YES;
			};
			name = Release;
		};
		8A0009032D00000100000001 /* Debug */ = {
			isa = XCBuildConfiguration;
			buildSettings = {
				ASSETCATALOG_COMPILER_ACCENT_COLOR_NAME = AccentColor;
				ASSETCATALOG_COMPILER_APPICON_NAME = AppIcon;
				CODE_SIGN_ENTITLEMENTS = W1Spirit/W1Spirit.entitlements;
				CODE_SIGN_STYLE = Automatic;
				CURRENT_PROJECT_VERSION = 1;
				DEVELOPMENT_TEAM = "";
				GENERATE_INFOPLIST_FILE = YES;
				INFOPLIST_KEY_CFBundleDisplayName = "WN SPRT";
				INFOPLIST_KEY_LSApplicationCategoryType = "public.app-category.lifestyle";
				INFOPLIST_KEY_UIApplicationSceneManifest_Generation = YES;
				INFOPLIST_KEY_UIApplicationSupportsIndirectInputEvents = YES;
				INFOPLIST_KEY_UILaunchScreen_Generation = YES;
				INFOPLIST_KEY_UISupportedInterfaceOrientations_iPad = "UIInterfaceOrientationPortrait UIInterfaceOrientationLandscapeLeft UIInterfaceOrientationLandscapeRight";
				INFOPLIST_KEY_UISupportedInterfaceOrientations_iPhone = UIInterfaceOrientationPortrait;
				IPHONEOS_DEPLOYMENT_TARGET = 16.0;
				LD_RUNPATH_SEARCH_PATHS = (
					"$(inherited)",
					"@executable_path/Frameworks",
				);
				MARKETING_VERSION = 1.0;
				PRODUCT_BUNDLE_IDENTIFIER = app.w1spirit.forestmoodtrails;
				PRODUCT_NAME = "$(TARGET_NAME)";
				SUPPORTED_PLATFORMS = "iphoneos iphonesimulator";
				SUPPORTS_MACCATALYST = NO;
				SUPPORTS_MAC_DESIGNED_FOR_IPHONE_IPAD = NO;
				SUPPORTS_XR_DESIGNED_FOR_IPHONE_IPAD = NO;
				SWIFT_EMIT_LOC_STRINGS = YES;
				SWIFT_VERSION = 6.0;
				TARGETED_DEVICE_FAMILY = "1,2";
				VERSIONING_SYSTEM = "apple-generic";
			};
			name = Debug;
		};
		8A0009042D00000100000001 /* Release */ = {
			isa = XCBuildConfiguration;
			buildSettings = {
				ASSETCATALOG_COMPILER_ACCENT_COLOR_NAME = AccentColor;
				ASSETCATALOG_COMPILER_APPICON_NAME = AppIcon;
				CODE_SIGN_ENTITLEMENTS = W1Spirit/W1Spirit.entitlements;
				CODE_SIGN_STYLE = Automatic;
				CURRENT_PROJECT_VERSION = 1;
				DEVELOPMENT_TEAM = "";
				GENERATE_INFOPLIST_FILE = YES;
				INFOPLIST_KEY_CFBundleDisplayName = "WN SPRT";
				INFOPLIST_KEY_LSApplicationCategoryType = "public.app-category.lifestyle";
				INFOPLIST_KEY_UIApplicationSceneManifest_Generation = YES;
				INFOPLIST_KEY_UIApplicationSupportsIndirectInputEvents = YES;
				INFOPLIST_KEY_UILaunchScreen_Generation = YES;
				INFOPLIST_KEY_UISupportedInterfaceOrientations_iPad = "UIInterfaceOrientationPortrait UIInterfaceOrientationLandscapeLeft UIInterfaceOrientationLandscapeRight";
				INFOPLIST_KEY_UISupportedInterfaceOrientations_iPhone = UIInterfaceOrientationPortrait;
				IPHONEOS_DEPLOYMENT_TARGET = 16.0;
				LD_RUNPATH_SEARCH_PATHS = (
					"$(inherited)",
					"@executable_path/Frameworks",
				);
				MARKETING_VERSION = 1.0;
				PRODUCT_BUNDLE_IDENTIFIER = app.w1spirit.forestmoodtrails;
				PRODUCT_NAME = "$(TARGET_NAME)";
				SUPPORTED_PLATFORMS = "iphoneos iphonesimulator";
				SUPPORTS_MACCATALYST = NO;
				SUPPORTS_MAC_DESIGNED_FOR_IPHONE_IPAD = NO;
				SUPPORTS_XR_DESIGNED_FOR_IPHONE_IPAD = NO;
				SWIFT_EMIT_LOC_STRINGS = YES;
				SWIFT_VERSION = 6.0;
				TARGETED_DEVICE_FAMILY = "1,2";
				VERSIONING_SYSTEM = "apple-generic";
			};
			name = Release;
		};
/* End XCBuildConfiguration section */

/* Begin XCConfigurationList section */
		8A0007022D00000100000001 /* Build configuration list for PBXProject "W1Spirit" */ = {
			isa = XCConfigurationList;
			buildConfigurations = (
				8A0009012D00000100000001 /* Debug */,
				8A0009022D00000100000001 /* Release */,
			);
			defaultConfigurationIsVisible = 0;
			defaultConfigurationName = Release;
		};
		8A0008012D00000100000001 /* Build configuration list for PBXNativeTarget "W1Spirit" */ = {
			isa = XCConfigurationList;
			buildConfigurations = (
				8A0009032D00000100000001 /* Debug */,
				8A0009042D00000100000001 /* Release */,
			);
			defaultConfigurationIsVisible = 0;
			defaultConfigurationName = Release;
		};
/* End XCConfigurationList section */

/* Begin XCLocalSwiftPackageReference section */
		8AK003012D00000100000001 /* XCLocalSwiftPackageReference "AnalyticsKit" */ = {
			isa = XCLocalSwiftPackageReference;
			relativePath = Packages/AnalyticsKit;
		};
/* End XCLocalSwiftPackageReference section */

/* Begin XCRemoteSwiftPackageReference section */
		8AF003012D00000100000001 /* XCRemoteSwiftPackageReference "firebase-ios-sdk" */ = {
			isa = XCRemoteSwiftPackageReference;
			repositoryURL = "https://github.com/firebase/firebase-ios-sdk.git";
			requirement = {
				kind = upToNextMajorVersion;
				minimumVersion = 12.14.0;
			};
		};
/* End XCRemoteSwiftPackageReference section */

/* Begin XCSwiftPackageProductDependency section */
		8AK004012D00000100000001 /* AnalyticsKit */ = {
			isa = XCSwiftPackageProductDependency;
			package = 8AK003012D00000100000001 /* XCLocalSwiftPackageReference "AnalyticsKit" */;
			productName = AnalyticsKit;
		};
		8AF004012D00000100000001 /* FirebaseAnalytics */ = {
			isa = XCSwiftPackageProductDependency;
			package = 8AF003012D00000100000001 /* XCRemoteSwiftPackageReference "firebase-ios-sdk" */;
			productName = FirebaseAnalytics;
		};
		8AF004022D00000100000001 /* FirebaseMessaging */ = {
			isa = XCSwiftPackageProductDependency;
			package = 8AF003012D00000100000001 /* XCRemoteSwiftPackageReference "firebase-ios-sdk" */;
			productName = FirebaseMessaging;
		};
/* End XCSwiftPackageProductDependency section */

	};
	rootObject = 8A0007012D00000100000001 /* Project object */;
}
